// !$*UTF8*$!
{
	archiveVersion = 1;
	classes = {
	};
	objectVersion = 56;
	objects = {

/* Begin PBXBuildFile section */
		1042313F249CF02CD2BFA7BA /* Pods_ReminderTests.framework in Frameworks */ = {isa = PBXBuildFile; fileRef = C206C0774FB6E9CC48ECBA25 /* Pods_ReminderTests.framework */; };
		70A0F308417E06DE517CF222 /* Pods_Reminder.framework in Frameworks */ = {isa = PBXBuildFile; fileRef = A6526D433C3DCC3CB4D19DD7 /* Pods_Reminder.framework */; };
		B138E5432BADB025000DFE44 /* DataModel.xcdatamodeld in Sources */ = {isa = PBXBuildFile; fileRef = B138E5412BADB025000DFE44 /* DataModel.xcdatamodeld */; };
		B138E5492BADB1F3000DFE44 /* CoreData.framework in Frameworks */ = {isa = PBXBuildFile; fileRef = B138E5482BADB1F3000DFE44 /* CoreData.framework */; };
		B138E54B2BADB2F6000DFE44 /* DatabaseHelper.swift in Sources */ = {isa = PBXBuildFile; fileRef = B138E54A2BADB2F6000DFE44 /* DatabaseHelper.swift */; };
		B138E5542BB159B9000DFE44 /* Remind+CoreDataClass.swift in Sources */ = {isa = PBXBuildFile; fileRef = B138E5522BB159B9000DFE44 /* Remind+CoreDataClass.swift */; };
		B138E5552BB159B9000DFE44 /* Remind+CoreDataProperties.swift in Sources */ = {isa = PBXBuildFile; fileRef = B138E5532BB159B9000DFE44 /* Remind+CoreDataProperties.swift */; };
		B13E78DC2B9861E500539D9B /* AppDelegate.swift in Sources */ = {isa = PBXBuildFile; fileRef = B13E78DB2B9861E500539D9B /* AppDelegate.swift */; };
		B13E78DE2B9861E500539D9B /* SceneDelegate.swift in Sources */ = {isa = PBXBuildFile; fileRef = B13E78DD2B9861E500539D9B /* SceneDelegate.swift */; };
		B13E78E02B9861E500539D9B /* ViewController.swift in Sources */ = {isa = PBXBuildFile; fileRef = B13E78DF2B9861E500539D9B /* ViewController.swift */; };
		B13E78E32B9861E500539D9B /* Main.storyboard in Resources */ = {isa = PBXBuildFile; fileRef = B13E78E12B9861E500539D9B /* Main.storyboard */; };
		B13E78E52B9861E600539D9B /* Assets.xcassets in Resources */ = {isa = PBXBuildFile; fileRef = B13E78E42B9861E600539D9B /* Assets.xcassets */; };
		B13E78E82B9861E600539D9B /* LaunchScreen.storyboard in Resources */ = {isa = PBXBuildFile; fileRef = B13E78E62B9861E600539D9B /* LaunchScreen.storyboard */; };
		B13E78F32B9861E600539D9B /* ReminderTests.swift in Sources */ = {isa = PBXBuildFile; fileRef = B13E78F22B9861E600539D9B /* ReminderTests.swift */; };
		B13E78FD2B9861E600539D9B /* ReminderUITests.swift in Sources */ = {isa = PBXBuildFile; fileRef = B13E78FC2B9861E600539D9B /* ReminderUITests.swift */; };
		B13E78FF2B9861E600539D9B /* ReminderUITestsLaunchTests.swift in Sources */ = {isa = PBXBuildFile; fileRef = B13E78FE2B9861E600539D9B /* ReminderUITestsLaunchTests.swift */; };
		B13E790C2B98814100539D9B /* ReminderViewCell.swift in Sources */ = {isa = PBXBuildFile; fileRef = B13E790B2B98814100539D9B /* ReminderViewCell.swift */; };
		B13E790E2B98EB1F00539D9B /* TaskModule.swift in Sources */ = {isa = PBXBuildFile; fileRef = B13E790D2B98EB1F00539D9B /* TaskModule.swift */; };
		B13E79102B9A54C300539D9B /* AddReminderViewController.swift in Sources */ = {isa = PBXBuildFile; fileRef = B13E790F2B9A54C300539D9B /* AddReminderViewController.swift */; };
		B90C931A6B193C3C7041FB4E /* Pods_Reminder_ReminderUITests.framework in Frameworks */ = {isa = PBXBuildFile; fileRef = 03B6E78790F26B178694762A /* Pods_Reminder_ReminderUITests.framework */; };
/* End PBXBuildFile section */

/* Begin PBXContainerItemProxy section */
		B13E78EF2B9861E600539D9B /* PBXContainerItemProxy */ = {
			isa = PBXContainerItemProxy;
			containerPortal = B13E78D02B9861E500539D9B /* Project object */;
			proxyType = 1;
			remoteGlobalIDString = B13E78D72B9861E500539D9B;
			remoteInfo = Reminder;
		};
		B13E78F92B9861E600539D9B /* PBXContainerItemProxy */ = {
			isa = PBXContainerItemProxy;
			containerPortal = B13E78D02B9861E500539D9B /* Project object */;
			proxyType = 1;
			remoteGlobalIDString = B13E78D72B9861E500539D9B;
			remoteInfo = Reminder;
		};
/* End PBXContainerItemProxy section */

/* Begin PBXFileReference section */
		03B6E78790F26B178694762A /* Pods_Reminder_ReminderUITests.framework */ = {isa = PBXFileReference; explicitFileType = wrapper.framework; includeInIndex = 0; path = Pods_Reminder_ReminderUITests.framework; sourceTree = BUILT_PRODUCTS_DIR; };
		2FF345BE55A9FBEFCFAB2FAB /* Pods-Reminder.release.xcconfig */ = {isa = PBXFileReference; includeInIndex = 1; lastKnownFileType = text.xcconfig; name = "Pods-Reminder.release.xcconfig"; path = "Target Support Files/Pods-Reminder/Pods-Reminder.release.xcconfig"; sourceTree = "<group>"; };
		4D1976CAC9D1440694580FBD /* Pods-Reminder-ReminderUITests.release.xcconfig */ = {isa = PBXFileReference; includeInIndex = 1; lastKnownFileType = text.xcconfig; name = "Pods-Reminder-ReminderUITests.release.xcconfig"; path = "Target Support Files/Pods-Reminder-ReminderUITests/Pods-Reminder-ReminderUITests.release.xcconfig"; sourceTree = "<group>"; };
		7FFF9BD45D291767789273B8 /* Pods-ReminderTests.release.xcconfig */ = {isa = PBXFileReference; includeInIndex = 1; lastKnownFileType = text.xcconfig; name = "Pods-ReminderTests.release.xcconfig"; path = "Target Support Files/Pods-ReminderTests/Pods-ReminderTests.release.xcconfig"; sourceTree = "<group>"; };
		A6526D433C3DCC3CB4D19DD7 /* Pods_Reminder.framework */ = {isa = PBXFileReference; explicitFileType = wrapper.framework; includeInIndex = 0; path = Pods_Reminder.framework; sourceTree = BUILT_PRODUCTS_DIR; };
		B138E5422BADB025000DFE44 /* DataModel.xcdatamodel */ = {isa = PBXFileReference; lastKnownFileType = wrapper.xcdatamodel; path = DataModel.xcdatamodel; sourceTree = "<group>"; };
		B138E5482BADB1F3000DFE44 /* CoreData.framework */ = {isa = PBXFileReference; lastKnownFileType = wrapper.framework; name = CoreData.framework; path = System/Library/Frameworks/CoreData.framework; sourceTree = SDKROOT; };
		B138E54A2BADB2F6000DFE44 /* DatabaseHelper.swift */ = {isa = PBXFileReference; lastKnownFileType = sourcecode.swift; path = DatabaseHelper.swift; sourceTree = "<group>"; };
		B138E5522BB159B9000DFE44 /* Remind+CoreDataClass.swift */ = {isa = PBXFileReference; lastKnownFileType = sourcecode.swift; name = "Remind+CoreDataClass.swift"; path = "../Remind+CoreDataClass.swift"; sourceTree = "<group>"; };
		B138E5532BB159B9000DFE44 /* Remind+CoreDataProperties.swift */ = {isa = PBXFileReference; lastKnownFileType = sourcecode.swift; name = "Remind+CoreDataProperties.swift"; path = "/Users/simran/Documents/Projects/cleanRepo/ReminderApp/Reminder/Remind+CoreDataProperties.swift"; sourceTree = "<absolute>"; };
		B13E78D82B9861E500539D9B /* Reminder.app */ = {isa = PBXFileReference; explicitFileType = wrapper.application; includeInIndex = 0; path = Reminder.app; sourceTree = BUILT_PRODUCTS_DIR; };
		B13E78DB2B9861E500539D9B /* AppDelegate.swift */ = {isa = PBXFileReference; lastKnownFileType = sourcecode.swift; path = AppDelegate.swift; sourceTree = "<group>"; };
		B13E78DD2B9861E500539D9B /* SceneDelegate.swift */ = {isa = PBXFileReference; lastKnownFileType = sourcecode.swift; path = SceneDelegate.swift; sourceTree = "<group>"; };
		B13E78DF2B9861E500539D9B /* ViewController.swift */ = {isa = PBXFileReference; lastKnownFileType = sourcecode.swift; path = ViewController.swift; sourceTree = "<group>"; };
		B13E78E22B9861E500539D9B /* Base */ = {isa = PBXFileReference; lastKnownFileType = file.storyboard; name = Base; path = Base.lproj/Main.storyboard; sourceTree = "<group>"; };
		B13E78E42B9861E600539D9B /* Assets.xcassets */ = {isa = PBXFileReference; lastKnownFileType = folder.assetcatalog; path = Assets.xcassets; sourceTree = "<group>"; };
		B13E78E72B9861E600539D9B /* Base */ = {isa = PBXFileReference; lastKnownFileType = file.storyboard; name = Base; path = Base.lproj/LaunchScreen.storyboard; sourceTree = "<group>"; };
		B13E78E92B9861E600539D9B /* Info.plist */ = {isa = PBXFileReference; lastKnownFileType = text.plist.xml; path = Info.plist; sourceTree = "<group>"; };
		B13E78EE2B9861E600539D9B /* ReminderTests.xctest */ = {isa = PBXFileReference; explicitFileType = wrapper.cfbundle; includeInIndex = 0; path = ReminderTests.xctest; sourceTree = BUILT_PRODUCTS_DIR; };
		B13E78F22B9861E600539D9B /* ReminderTests.swift */ = {isa = PBXFileReference; lastKnownFileType = sourcecode.swift; path = ReminderTests.swift; sourceTree = "<group>"; };
		B13E78F82B9861E600539D9B /* ReminderUITests.xctest */ = {isa = PBXFileReference; explicitFileType = wrapper.cfbundle; includeInIndex = 0; path = ReminderUITests.xctest; sourceTree = BUILT_PRODUCTS_DIR; };
		B13E78FC2B9861E600539D9B /* ReminderUITests.swift */ = {isa = PBXFileReference; lastKnownFileType = sourcecode.swift; path = ReminderUITests.swift; sourceTree = "<group>"; };
		B13E78FE2B9861E600539D9B /* ReminderUITestsLaunchTests.swift */ = {isa = PBXFileReference; lastKnownFileType = sourcecode.swift; path = ReminderUITestsLaunchTests.swift; sourceTree = "<group>"; };
		B13E790B2B98814100539D9B /* ReminderViewCell.swift */ = {isa = PBXFileReference; lastKnownFileType = sourcecode.swift; path = ReminderViewCell.swift; sourceTree = "<group>"; };
		B13E790D2B98EB1F00539D9B /* TaskModule.swift */ = {isa = PBXFileReference; lastKnownFileType = sourcecode.swift; path = TaskModule.swift; sourceTree = "<group>"; };
		B13E790F2B9A54C300539D9B /* AddReminderViewController.swift */ = {isa = PBXFileReference; lastKnownFileType = sourcecode.swift; path = AddReminderViewController.swift; sourceTree = "<group>"; };
		C07046FD8E902445AEC2669A /* Pods-Reminder.debug.xcconfig */ = {isa = PBXFileReference; includeInIndex = 1; lastKnownFileType = text.xcconfig; name = "Pods-Reminder.debug.xcconfig"; path = "Target Support Files/Pods-Reminder/Pods-Reminder.debug.xcconfig"; sourceTree = "<group>"; };
		C206C0774FB6E9CC48ECBA25 /* Pods_ReminderTests.framework */ = {isa = PBXFileReference; explicitFileType = wrapper.framework; includeInIndex = 0; path = Pods_ReminderTests.framework; sourceTree = BUILT_PRODUCTS_DIR; };
		CA925DAFEA228622EC09837D /* Pods-Reminder-ReminderUITests.debug.xcconfig */ = {isa = PBXFileReference; includeInIndex = 1; lastKnownFileType = text.xcconfig; name = "Pods-Reminder-ReminderUITests.debug.xcconfig"; path = "Target Support Files/Pods-Reminder-ReminderUITests/Pods-Reminder-ReminderUITests.debug.xcconfig"; sourceTree = "<group>"; };
		ED6D0FCF81563839B9E234D4 /* Pods-ReminderTests.debug.xcconfig */ = {isa = PBXFileReference; includeInIndex = 1; lastKnownFileType = text.xcconfig; name = "Pods-ReminderTests.debug.xcconfig"; path = "Target Support Files/Pods-ReminderTests/Pods-ReminderTests.debug.xcconfig"; sourceTree = "<group>"; };
/* End PBXFileReference section */

/* Begin PBXFrameworksBuildPhase section */
		B13E78D52B9861E500539D9B /* Frameworks */ = {
			isa = PBXFrameworksBuildPhase;
			buildActionMask = 2147483647;
			files = (
				B138E5492BADB1F3000DFE44 /* CoreData.framework in Frameworks */,
				70A0F308417E06DE517CF222 /* Pods_Reminder.framework in Frameworks */,
			);
			runOnlyForDeploymentPostprocessing = 0;
		};
		B13E78EB2B9861E600539D9B /* Frameworks */ = {
			isa = PBXFrameworksBuildPhase;
			buildActionMask = 2147483647;
			files = (
				1042313F249CF02CD2BFA7BA /* Pods_ReminderTests.framework in Frameworks */,
			);
			runOnlyForDeploymentPostprocessing = 0;
		};
		B13E78F52B9861E600539D9B /* Frameworks */ = {
			isa = PBXFrameworksBuildPhase;
			buildActionMask = 2147483647;
			files = (
				B90C931A6B193C3C7041FB4E /* Pods_Reminder_ReminderUITests.framework in Frameworks */,
			);
			runOnlyForDeploymentPostprocessing = 0;
		};
/* End PBXFrameworksBuildPhase section */

/* Begin PBXGroup section */
		3009E2997BECBD115DB126A3 /* Frameworks */ = {
			isa = PBXGroup;
			children = (
				B138E5482BADB1F3000DFE44 /* CoreData.framework */,
				A6526D433C3DCC3CB4D19DD7 /* Pods_Reminder.framework */,
				03B6E78790F26B178694762A /* Pods_Reminder_ReminderUITests.framework */,
				C206C0774FB6E9CC48ECBA25 /* Pods_ReminderTests.framework */,
			);
			name = Frameworks;
			sourceTree = "<group>";
		};
		38EB4DC920E4940F87B9A229 /* Pods */ = {
			isa = PBXGroup;
			children = (
				C07046FD8E902445AEC2669A /* Pods-Reminder.debug.xcconfig */,
				2FF345BE55A9FBEFCFAB2FAB /* Pods-Reminder.release.xcconfig */,
				CA925DAFEA228622EC09837D /* Pods-Reminder-ReminderUITests.debug.xcconfig */,
				4D1976CAC9D1440694580FBD /* Pods-Reminder-ReminderUITests.release.xcconfig */,
				ED6D0FCF81563839B9E234D4 /* Pods-ReminderTests.debug.xcconfig */,
				7FFF9BD45D291767789273B8 /* Pods-ReminderTests.release.xcconfig */,
			);
			path = Pods;
			sourceTree = "<group>";
		};
		B13E78CF2B9861E500539D9B = {
			isa = PBXGroup;
			children = (
				B13E78DA2B9861E500539D9B /* Reminder */,
				B13E78F12B9861E600539D9B /* ReminderTests */,
				B13E78FB2B9861E600539D9B /* ReminderUITests */,
				B13E78D92B9861E500539D9B /* Products */,
				38EB4DC920E4940F87B9A229 /* Pods */,
				3009E2997BECBD115DB126A3 /* Frameworks */,
			);
			sourceTree = "<group>";
		};
		B13E78D92B9861E500539D9B /* Products */ = {
			isa = PBXGroup;
			children = (
				B13E78D82B9861E500539D9B /* Reminder.app */,
				B13E78EE2B9861E600539D9B /* ReminderTests.xctest */,
				B13E78F82B9861E600539D9B /* ReminderUITests.xctest */,
			);
			name = Products;
			sourceTree = "<group>";
		};
		B13E78DA2B9861E500539D9B /* Reminder */ = {
			isa = PBXGroup;
			children = (
				B13E78DB2B9861E500539D9B /* AppDelegate.swift */,
				B13E78DD2B9861E500539D9B /* SceneDelegate.swift */,
				B13E78DF2B9861E500539D9B /* ViewController.swift */,
				B13E78E12B9861E500539D9B /* Main.storyboard */,
				B13E78E42B9861E600539D9B /* Assets.xcassets */,
				B138E5522BB159B9000DFE44 /* Remind+CoreDataClass.swift */,
				B138E5532BB159B9000DFE44 /* Remind+CoreDataProperties.swift */,
				B13E78E62B9861E600539D9B /* LaunchScreen.storyboard */,
				B13E78E92B9861E600539D9B /* Info.plist */,
				B13E790B2B98814100539D9B /* ReminderViewCell.swift */,
				B13E790D2B98EB1F00539D9B /* TaskModule.swift */,
				B13E790F2B9A54C300539D9B /* AddReminderViewController.swift */,
				B138E5412BADB025000DFE44 /* DataModel.xcdatamodeld */,
				B138E54A2BADB2F6000DFE44 /* DatabaseHelper.swift */,
			);
			path = Reminder;
			sourceTree = "<group>";
		};
		B13E78F12B9861E600539D9B /* ReminderTests */ = {
			isa = PBXGroup;
			children = (
				B13E78F22B9861E600539D9B /* ReminderTests.swift */,
			);
			path = ReminderTests;
			sourceTree = "<group>";
		};
		B13E78FB2B9861E600539D9B /* ReminderUITests */ = {
			isa = PBXGroup;
			children = (
				B13E78FC2B9861E600539D9B /* ReminderUITests.swift */,
				B13E78FE2B9861E600539D9B /* ReminderUITestsLaunchTests.swift */,
			);
			path = ReminderUITests;
			sourceTree = "<group>";
		};
/* End PBXGroup section */

/* Begin PBXNativeTarget section */
		B13E78D72B9861E500539D9B /* Reminder */ = {
			isa = PBXNativeTarget;
			buildConfigurationList = B13E79022B9861E600539D9B /* Build configuration list for PBXNativeTarget "Reminder" */;
			buildPhases = (
				4ED82AAA617941300120689B /* [CP] Check Pods Manifest.lock */,
				B13E78D42B9861E500539D9B /* Sources */,
				B13E78D52B9861E500539D9B /* Frameworks */,
				B13E78D62B9861E500539D9B /* Resources */,
				DC170076E707E57BD140D8B4 /* [CP] Embed Pods Frameworks */,
			);
			buildRules = (
			);
			dependencies = (
			);
			name = Reminder;
			productName = Reminder;
			productReference = B13E78D82B9861E500539D9B /* Reminder.app */;
			productType = "com.apple.product-type.application";
		};
		B13E78ED2B9861E600539D9B /* ReminderTests */ = {
			isa = PBXNativeTarget;
			buildConfigurationList = B13E79052B9861E600539D9B /* Build configuration list for PBXNativeTarget "ReminderTests" */;
			buildPhases = (
				E384470396B56FF7728B5707 /* [CP] Check Pods Manifest.lock */,
				B13E78EA2B9861E600539D9B /* Sources */,
				B13E78EB2B9861E600539D9B /* Frameworks */,
				B13E78EC2B9861E600539D9B /* Resources */,
			);
			buildRules = (
			);
			dependencies = (
				B13E78F02B9861E600539D9B /* PBXTargetDependency */,
			);
			name = ReminderTests;
			productName = ReminderTests;
			productReference = B13E78EE2B9861E600539D9B /* ReminderTests.xctest */;
			productType = "com.apple.product-type.bundle.unit-test";
		};
		B13E78F72B9861E600539D9B /* ReminderUITests */ = {
			isa = PBXNativeTarget;
			buildConfigurationList = B13E79082B9861E600539D9B /* Build configuration list for PBXNativeTarget "ReminderUITests" */;
			buildPhases = (
				6782D33C1C2F8E8530B59FC1 /* [CP] Check Pods Manifest.lock */,
				B13E78F42B9861E600539D9B /* Sources */,
				B13E78F52B9861E600539D9B /* Frameworks */,
				B13E78F62B9861E600539D9B /* Resources */,
				350E2130F5A5A0F6D940FAB2 /* [CP] Embed Pods Frameworks */,
			);
			buildRules = (
			);
			dependencies = (
				B13E78FA2B9861E600539D9B /* PBXTargetDependency */,
			);
			name = ReminderUITests;
			productName = ReminderUITests;
			productReference = B13E78F82B9861E600539D9B /* ReminderUITests.xctest */;
			productType = "com.apple.product-type.bundle.ui-testing";
		};
/* End PBXNativeTarget section */

/* Begin PBXProject section */
		B13E78D02B9861E500539D9B /* Project object */ = {
			isa = PBXProject;
			attributes = {
				BuildIndependentTargetsInParallel = 1;
				LastSwiftUpdateCheck = 1500;
				LastUpgradeCheck = 1500;
				TargetAttributes = {
					B13E78D72B9861E500539D9B = {
						CreatedOnToolsVersion = 15.0.1;
					};
					B13E78ED2B9861E600539D9B = {
						CreatedOnToolsVersion = 15.0.1;
						TestTargetID = B13E78D72B9861E500539D9B;
					};
					B13E78F72B9861E600539D9B = {
						CreatedOnToolsVersion = 15.0.1;
						TestTargetID = B13E78D72B9861E500539D9B;
					};
				};
			};
			buildConfigurationList = B13E78D32B9861E500539D9B /* Build configuration list for PBXProject "Reminder" */;
			compatibilityVersion = "Xcode 14.0";
			developmentRegion = en;
			hasScannedForEncodings = 0;
			knownRegions = (
				en,
				Base,
			);
			mainGroup = B13E78CF2B9861E500539D9B;
			productRefGroup = B13E78D92B9861E500539D9B /* Products */;
			projectDirPath = "";
			projectRoot = "";
			targets = (
				B13E78D72B9861E500539D9B /* Reminder */,
				B13E78ED2B9861E600539D9B /* ReminderTests */,
				B13E78F72B9861E600539D9B /* ReminderUITests */,
			);
		};
/* End PBXProject section */

/* Begin PBXResourcesBuildPhase section */
		B13E78D62B9861E500539D9B /* Resources */ = {
			isa = PBXResourcesBuildPhase;
			buildActionMask = 2147483647;
			files = (
				B13E78E82B9861E600539D9B /* LaunchScreen.storyboard in Resources */,
				B13E78E52B9861E600539D9B /* Assets.xcassets in Resources */,
				B13E78E32B9861E500539D9B /* Main.storyboard in Resources */,
			);
			runOnlyForDeploymentPostprocessing = 0;
		};
		B13E78EC2B9861E600539D9B /* Resources */ = {
			isa = PBXResourcesBuildPhase;
			buildActionMask = 2147483647;
			files = (
			);
			runOnlyForDeploymentPostprocessing = 0;
		};
		B13E78F62B9861E600539D9B /* Resources */ = {
			isa = PBXResourcesBuildPhase;
			buildActionMask = 2147483647;
			files = (
			);
			runOnlyForDeploymentPostprocessing = 0;
		};
/* End PBXResourcesBuildPhase section */

/* Begin PBXShellScriptBuildPhase section */
		350E2130F5A5A0F6D940FAB2 /* [CP] Embed Pods Frameworks */ = {
			isa = PBXShellScriptBuildPhase;
			buildActionMask = 2147483647;
			files = (
			);
			inputFileListPaths = (
				"${PODS_ROOT}/Target Support Files/Pods-Reminder-ReminderUITests/Pods-Reminder-ReminderUITests-frameworks-${CONFIGURATION}-input-files.xcfilelist",
			);
			name = "[CP] Embed Pods Frameworks";
			outputFileListPaths = (
				"${PODS_ROOT}/Target Support Files/Pods-Reminder-ReminderUITests/Pods-Reminder-ReminderUITests-frameworks-${CONFIGURATION}-output-files.xcfilelist",
			);
			runOnlyForDeploymentPostprocessing = 0;
			shellPath = /bin/sh;
			shellScript = "\"${PODS_ROOT}/Target Support Files/Pods-Reminder-ReminderUITests/Pods-Reminder-ReminderUITests-frameworks.sh\"\n";
			showEnvVarsInLog = 0;
		};
		4ED82AAA617941300120689B /* [CP] Check Pods Manifest.lock */ = {
			isa = PBXShellScriptBuildPhase;
			buildActionMask = 2147483647;
			files = (
			);
			inputFileListPaths = (
			);
			inputPaths = (
				"${PODS_PODFILE_DIR_PATH}/Podfile.lock",
				"${PODS_ROOT}/Manifest.lock",
			);
			name = "[CP] Check Pods Manifest.lock";
			outputFileListPaths = (
			);
			outputPaths = (
				"$(DERIVED_FILE_DIR)/Pods-Reminder-checkManifestLockResult.txt",
			);
			runOnlyForDeploymentPostprocessing = 0;
			shellPath = /bin/sh;
			shellScript = "diff \"${PODS_PODFILE_DIR_PATH}/Podfile.lock\" \"${PODS_ROOT}/Manifest.lock\" > /dev/null\nif [ $? != 0 ] ; then\n    # print error to STDERR\n    echo \"error: The sandbox is not in sync with the Podfile.lock. Run 'pod install' or update your CocoaPods installation.\" >&2\n    exit 1\nfi\n# This output is used by Xcode 'outputs' to avoid re-running this script phase.\necho \"SUCCESS\" > \"${SCRIPT_OUTPUT_FILE_0}\"\n";
			showEnvVarsInLog = 0;
		};
		6782D33C1C2F8E8530B59FC1 /* [CP] Check Pods Manifest.lock */ = {
			isa = PBXShellScriptBuildPhase;
			buildActionMask = 2147483647;
			files = (
			);
			inputFileListPaths = (
			);
			inputPaths = (
				"${PODS_PODFILE_DIR_PATH}/Podfile.lock",
				"${PODS_ROOT}/Manifest.lock",
			);
			name = "[CP] Check Pods Manifest.lock";
			outputFileListPaths = (
			);
			outputPaths = (
				"$(DERIVED_FILE_DIR)/Pods-Reminder-ReminderUITests-checkManifestLockResult.txt",
			);
			runOnlyForDeploymentPostprocessing = 0;
			shellPath = /bin/sh;
			shellScript = "diff \"${PODS_PODFILE_DIR_PATH}/Podfile.lock\" \"${PODS_ROOT}/Manifest.lock\" > /dev/null\nif [ $? != 0 ] ; then\n    # print error to STDERR\n    echo \"error: The sandbox is not in sync with the Podfile.lock. Run 'pod install' or update your CocoaPods installation.\" >&2\n    exit 1\nfi\n# This output is used by Xcode 'outputs' to avoid re-running this script phase.\necho \"SUCCESS\" > \"${SCRIPT_OUTPUT_FILE_0}\"\n";
			showEnvVarsInLog = 0;
		};
		DC170076E707E57BD140D8B4 /* [CP] Embed Pods Frameworks */ = {
			isa = PBXShellScriptBuildPhase;
			buildActionMask = 2147483647;
			files = (
			);
			inputFileListPaths = (
				"${PODS_ROOT}/Target Support Files/Pods-Reminder/Pods-Reminder-frameworks-${CONFIGURATION}-input-files.xcfilelist",
			);
			name = "[CP] Embed Pods Frameworks";
			outputFileListPaths = (
				"${PODS_ROOT}/Target Support Files/Pods-Reminder/Pods-Reminder-frameworks-${CONFIGURATION}-output-files.xcfilelist",
			);
			runOnlyForDeploymentPostprocessing = 0;
			shellPath = /bin/sh;
			shellScript = "\"${PODS_ROOT}/Target Support Files/Pods-Reminder/Pods-Reminder-frameworks.sh\"\n";
			showEnvVarsInLog = 0;
		};
		E384470396B56FF7728B5707 /* [CP] Check Pods Manifest.lock */ = {
			isa = PBXShellScriptBuildPhase;
			buildActionMask = 2147483647;
			files = (
			);
			inputFileListPaths = (
			);
			inputPaths = (
				"${PODS_PODFILE_DIR_PATH}/Podfile.lock",
				"${PODS_ROOT}/Manifest.lock",
			);
			name = "[CP] Check Pods Manifest.lock";
			outputFileListPaths = (
			);
			outputPaths = (
				"$(DERIVED_FILE_DIR)/Pods-ReminderTests-checkManifestLockResult.txt",
			);
			runOnlyForDeploymentPostprocessing = 0;
			shellPath = /bin/sh;
			shellScript = "diff \"${PODS_PODFILE_DIR_PATH}/Podfile.lock\" \"${PODS_ROOT}/Manifest.lock\" > /dev/null\nif [ $? != 0 ] ; then\n    # print error to STDERR\n    echo \"error: The sandbox is not in sync with the Podfile.lock. Run 'pod install' or update your CocoaPods installation.\" >&2\n    exit 1\nfi\n# This output is used by Xcode 'outputs' to avoid re-running this script phase.\necho \"SUCCESS\" > \"${SCRIPT_OUTPUT_FILE_0}\"\n";
			showEnvVarsInLog = 0;
		};
/* End PBXShellScriptBuildPhase section */

/* Begin PBXSourcesBuildPhase section */
		B13E78D42B9861E500539D9B /* Sources */ = {
			isa = PBXSourcesBuildPhase;
			buildActionMask = 2147483647;
			files = (
				B13E78E02B9861E500539D9B /* ViewController.swift in Sources */,
				B13E78DC2B9861E500539D9B /* AppDelegate.swift in Sources */,
				B13E790C2B98814100539D9B /* ReminderViewCell.swift in Sources */,
				B138E5432BADB025000DFE44 /* DataModel.xcdatamodeld in Sources */,
				B138E5552BB159B9000DFE44 /* Remind+CoreDataProperties.swift in Sources */,
				B138E54B2BADB2F6000DFE44 /* DatabaseHelper.swift in Sources */,
				B13E78DE2B9861E500539D9B /* SceneDelegate.swift in Sources */,
				B13E79102B9A54C300539D9B /* AddReminderViewController.swift in Sources */,
				B138E5542BB159B9000DFE44 /* Remind+CoreDataClass.swift in Sources */,
				B13E790E2B98EB1F00539D9B /* TaskModule.swift in Sources */,
			);
			runOnlyForDeploymentPostprocessing = 0;
		};
		B13E78EA2B9861E600539D9B /* Sources */ = {
			isa = PBXSourcesBuildPhase;
			buildActionMask = 2147483647;
			files = (
				B13E78F32B9861E600539D9B /* ReminderTests.swift in Sources */,
			);
			runOnlyForDeploymentPostprocessing = 0;
		};
		B13E78F42B9861E600539D9B /* Sources */ = {
			isa = PBXSourcesBuildPhase;
			buildActionMask = 2147483647;
			files = (
				B13E78FF2B9861E600539D9B /* ReminderUITestsLaunchTests.swift in Sources */,
				B13E78FD2B9861E600539D9B /* ReminderUITests.swift in Sources */,
			);
			runOnlyForDeploymentPostprocessing = 0;
		};
/* End PBXSourcesBuildPhase section */

/* Begin PBXTargetDependency section */
		B13E78F02B9861E600539D9B /* PBXTargetDependency */ = {
			isa = PBXTargetDependency;
			target = B13E78D72B9861E500539D9B /* Reminder */;
			targetProxy = B13E78EF2B9861E600539D9B /* PBXContainerItemProxy */;
		};
		B13E78FA2B9861E600539D9B /* PBXTargetDependency */ = {
			isa = PBXTargetDependency;
			target = B13E78D72B9861E500539D9B /* Reminder */;
			targetProxy = B13E78F92B9861E600539D9B /* PBXContainerItemProxy */;
		};
/* End PBXTargetDependency section */

/* Begin PBXVariantGroup section */
		B13E78E12B9861E500539D9B /* Main.storyboard */ = {
			isa = PBXVariantGroup;
			children = (
				B13E78E22B9861E500539D9B /* Base */,
			);
			name = Main.storyboard;
			sourceTree = "<group>";
		};
		B13E78E62B9861E600539D9B /* LaunchScreen.storyboard */ = {
			isa = PBXVariantGroup;
			children = (
				B13E78E72B9861E600539D9B /* Base */,
			);
			name = LaunchScreen.storyboard;
			sourceTree = "<group>";
		};
/* End PBXVariantGroup section */

/* Begin XCBuildConfiguration section */
		B13E79002B9861E600539D9B /* Debug */ = {
			isa = XCBuildConfiguration;
			buildSettings = {
				ALWAYS_SEARCH_USER_PATHS = NO;
				ASSETCATALOG_COMPILER_GENERATE_SWIFT_ASSET_SYMBOL_EXTENSIONS = YES;
				CLANG_ANALYZER_NONNULL = YES;
				CLANG_ANALYZER_NUMBER_OBJECT_CONVERSION = YES_AGGRESSIVE;
				CLANG_CXX_LANGUAGE_STANDARD = "gnu++20";
				CLANG_ENABLE_MODULES = YES;
				CLANG_ENABLE_OBJC_ARC = YES;
				CLANG_ENABLE_OBJC_WEAK = YES;
				CLANG_WARN_BLOCK_CAPTURE_AUTORELEASING = YES;
				CLANG_WARN_BOOL_CONVERSION = YES;
				CLANG_WARN_COMMA = YES;
				CLANG_WARN_CONSTANT_CONVERSION = YES;
				CLANG_WARN_DEPRECATED_OBJC_IMPLEMENTATIONS = YES;
				CLANG_WARN_DIRECT_OBJC_ISA_USAGE = YES_ERROR;
				CLANG_WARN_DOCUMENTATION_COMMENTS = YES;
				CLANG_WARN_EMPTY_BODY = YES;
				CLANG_WARN_ENUM_CONVERSION = YES;
				CLANG_WARN_INFINITE_RECURSION = YES;
				CLANG_WARN_INT_CONVERSION = YES;
				CLANG_WARN_NON_LITERAL_NULL_CONVERSION = YES;
				CLANG_WARN_OBJC_IMPLICIT_RETAIN_SELF = YES;
				CLANG_WARN_OBJC_LITERAL_CONVERSION = YES;
				CLANG_WARN_OBJC_ROOT_CLASS = YES_ERROR;
				CLANG_WARN_QUOTED_INCLUDE_IN_FRAMEWORK_HEADER = YES;
				CLANG_WARN_RANGE_LOOP_ANALYSIS = YES;
				CLANG_WARN_STRICT_PROTOTYPES = YES;
				CLANG_WARN_SUSPICIOUS_MOVE = YES;
				CLANG_WARN_UNGUARDED_AVAILABILITY = YES_AGGRESSIVE;
				CLANG_WARN_UNREACHABLE_CODE = YES;
				CLANG_WARN__DUPLICATE_METHOD_MATCH = YES;
				COPY_PHASE_STRIP = NO;
				DEBUG_INFORMATION_FORMAT = dwarf;
				ENABLE_STRICT_OBJC_MSGSEND = YES;
				ENABLE_TESTABILITY = YES;
				ENABLE_USER_SCRIPT_SANDBOXING = YES;
				GCC_C_LANGUAGE_STANDARD = gnu17;
				GCC_DYNAMIC_NO_PIC = NO;
				GCC_NO_COMMON_BLOCKS = YES;
				GCC_OPTIMIZATION_LEVEL = 0;
				GCC_PREPROCESSOR_DEFINITIONS = (
					"DEBUG=1",
					"$(inherited)",
				);
				GCC_WARN_64_TO_32_BIT_CONVERSION = YES;
				GCC_WARN_ABOUT_RETURN_TYPE = YES_ERROR;
				GCC_WARN_UNDECLARED_SELECTOR = YES;
				GCC_WARN_UNINITIALIZED_AUTOS = YES_AGGRESSIVE;
				GCC_WARN_UNUSED_FUNCTION = YES;
				GCC_WARN_UNUSED_VARIABLE = YES;
				IPHONEOS_DEPLOYMENT_TARGET = 17.0;
				LOCALIZATION_PREFERS_STRING_CATALOGS = YES;
				MTL_ENABLE_DEBUG_INFO = INCLUDE_SOURCE;
				MTL_FAST_MATH = YES;
				ONLY_ACTIVE_ARCH = YES;
				SDKROOT = iphoneos;
				SWIFT_ACTIVE_COMPILATION_CONDITIONS = "DEBUG $(inherited)";
				SWIFT_OPTIMIZATION_LEVEL = "-Onone";
			};
			name = Debug;
		};
		B13E79012B9861E600539D9B /* Release */ = {
			isa = XCBuildConfiguration;
			buildSettings = {
				ALWAYS_SEARCH_USER_PATHS = NO;
				ASSETCATALOG_COMPILER_GENERATE_SWIFT_ASSET_SYMBOL_EXTENSIONS = YES;
				CLANG_ANALYZER_NONNULL = YES;
				CLANG_ANALYZER_NUMBER_OBJECT_CONVERSION = YES_AGGRESSIVE;
				CLANG_CXX_LANGUAGE_STANDARD = "gnu++20";
				CLANG_ENABLE_MODULES = YES;
				CLANG_ENABLE_OBJC_ARC = YES;
				CLANG_ENABLE_OBJC_WEAK = YES;
				CLANG_WARN_BLOCK_CAPTURE_AUTORELEASING = YES;
				CLANG_WARN_BOOL_CONVERSION = YES;
				CLANG_WARN_COMMA = YES;
				CLANG_WARN_CONSTANT_CONVERSION = YES;
				CLANG_WARN_DEPRECATED_OBJC_IMPLEMENTATIONS = YES;
				CLANG_WARN_DIRECT_OBJC_ISA_USAGE = YES_ERROR;
				CLANG_WARN_DOCUMENTATION_COMMENTS = YES;
				CLANG_WARN_EMPTY_BODY = YES;
				CLANG_WARN_ENUM_CONVERSION = YES;
				CLANG_WARN_INFINITE_RECURSION = YES;
				CLANG_WARN_INT_CONVERSION = YES;
				CLANG_WARN_NON_LITERAL_NULL_CONVERSION = YES;
				CLANG_WARN_OBJC_IMPLICIT_RETAIN_SELF = YES;
				CLANG_WARN_OBJC_LITERAL_CONVERSION = YES;
				CLANG_WARN_OBJC_ROOT_CLASS = YES_ERROR;
				CLANG_WARN_QUOTED_INCLUDE_IN_FRAMEWORK_HEADER = YES;
				CLANG_WARN_RANGE_LOOP_ANALYSIS = YES;
				CLANG_WARN_STRICT_PROTOTYPES = YES;
				CLANG_WARN_SUSPICIOUS_MOVE = YES;
				CLANG_WARN_UNGUARDED_AVAILABILITY = YES_AGGRESSIVE;
				CLANG_WARN_UNREACHABLE_CODE = YES;
				CLANG_WARN__DUPLICATE_METHOD_MATCH = YES;
				COPY_PHASE_STRIP = NO;
				DEBUG_INFORMATION_FORMAT = "dwarf-with-dsym";
				ENABLE_NS_ASSERTIONS = NO;
				ENABLE_STRICT_OBJC_MSGSEND = YES;
				ENABLE_USER_SCRIPT_SANDBOXING = YES;
				GCC_C_LANGUAGE_STANDARD = gnu17;
				GCC_NO_COMMON_BLOCKS = YES;
				GCC_WARN_64_TO_32_BIT_CONVERSION = YES;
				GCC_WARN_ABOUT_RETURN_TYPE = YES_ERROR;
				GCC_WARN_UNDECLARED_SELECTOR = YES;
				GCC_WARN_UNINITIALIZED_AUTOS = YES_AGGRESSIVE;
				GCC_WARN_UNUSED_FUNCTION = YES;
				GCC_WARN_UNUSED_VARIABLE = YES;
				IPHONEOS_DEPLOYMENT_TARGET = 17.0;
				LOCALIZATION_PREFERS_STRING_CATALOGS = YES;
				MTL_ENABLE_DEBUG_INFO = NO;
				MTL_FAST_MATH = YES;
				SDKROOT = iphoneos;
				SWIFT_COMPILATION_MODE = wholemodule;
				VALIDATE_PRODUCT = YES;
			};
			name = Release;
		};
		B13E79032B9861E600539D9B /* Debug */ = {
			isa = XCBuildConfiguration;
			baseConfigurationReference = C07046FD8E902445AEC2669A /* Pods-Reminder.debug.xcconfig */;
			buildSettings = {
				ASSETCATALOG_COMPILER_APPICON_NAME = AppIcon;
				ASSETCATALOG_COMPILER_GLOBAL_ACCENT_COLOR_NAME = AccentColor;
				CODE_SIGN_STYLE = Automatic;
				CURRENT_PROJECT_VERSION = 1;
				DEVELOPMENT_TEAM = C9NS4KGY3V;
				ENABLE_USER_SCRIPT_SANDBOXING = NO;
				GENERATE_INFOPLIST_FILE = YES;
				INFOPLIST_FILE = Reminder/Info.plist;
				INFOPLIST_KEY_UIApplicationSupportsIndirectInputEvents = YES;
				INFOPLIST_KEY_UILaunchStoryboardName = LaunchScreen;
				INFOPLIST_KEY_UIMainStoryboardFile = Main;
				INFOPLIST_KEY_UISupportedInterfaceOrientations_iPad = "UIInterfaceOrientationPortrait UIInterfaceOrientationPortraitUpsideDown UIInterfaceOrientationLandscapeLeft UIInterfaceOrientationLandscapeRight";
				INFOPLIST_KEY_UISupportedInterfaceOrientations_iPhone = "UIInterfaceOrientationPortrait UIInterfaceOrientationLandscapeLeft UIInterfaceOrientationLandscapeRight";
				IPHONEOS_DEPLOYMENT_TARGET = 16.0;
				LD_RUNPATH_SEARCH_PATHS = (
					"$(inherited)",
					"@executable_path/Frameworks",
				);
				MARKETING_VERSION = 1.0;
				PRODUCT_BUNDLE_IDENTIFIER = com.developer..Reminder;
				PRODUCT_NAME = "$(TARGET_NAME)";
				SWIFT_EMIT_LOC_STRINGS = YES;
				SWIFT_VERSION = 5.0;
				TARGETED_DEVICE_FAMILY = "1,2";
			};
			name = Debug;
		};
		B13E79042B9861E600539D9B /* Release */ = {
			isa = XCBuildConfiguration;
			baseConfigurationReference = 2FF345BE55A9FBEFCFAB2FAB /* Pods-Reminder.release.xcconfig */;
			buildSettings = {
				ASSETCATALOG_COMPILER_APPICON_NAME = AppIcon;
				ASSETCATALOG_COMPILER_GLOBAL_ACCENT_COLOR_NAME = AccentColor;
				CODE_SIGN_STYLE = Automatic;
				CURRENT_PROJECT_VERSION = 1;
				DEVELOPMENT_TEAM = C9NS4KGY3V;
				ENABLE_USER_SCRIPT_SANDBOXING = NO;
				GENERATE_INFOPLIST_FILE = YES;
				INFOPLIST_FILE = Reminder/Info.plist;
				INFOPLIST_KEY_UIApplicationSupportsIndirectInputEvents = YES;
				INFOPLIST_KEY_UILaunchStoryboardName = LaunchScreen;
				INFOPLIST_KEY_UIMainStoryboardFile = Main;
				INFOPLIST_KEY_UISupportedInterfaceOrientations_iPad = "UIInterfaceOrientationPortrait UIInterfaceOrientationPortraitUpsideDown UIInterfaceOrientationLandscapeLeft UIInterfaceOrientationLandscapeRight";
				INFOPLIST_KEY_UISupportedInterfaceOrientations_iPhone = "UIInterfaceOrientationPortrait UIInterfaceOrientationLandscapeLeft UIInterfaceOrientationLandscapeRight";
				IPHONEOS_DEPLOYMENT_TARGET = 16.0;
				LD_RUNPATH_SEARCH_PATHS = (
					"$(inherited)",
					"@executable_path/Frameworks",
				);
				MARKETING_VERSION = 1.0;
				PRODUCT_BUNDLE_IDENTIFIER = com.developer..Reminder;
				PRODUCT_NAME = "$(TARGET_NAME)";
				SWIFT_EMIT_LOC_STRINGS = YES;
				SWIFT_VERSION = 5.0;
				TARGETED_DEVICE_FAMILY = "1,2";
			};
			name = Release;
		};
		B13E79062B9861E600539D9B /* Debug */ = {
			isa = XCBuildConfiguration;
			baseConfigurationReference = ED6D0FCF81563839B9E234D4 /* Pods-ReminderTests.debug.xcconfig */;
			buildSettings = {
				ALWAYS_EMBED_SWIFT_STANDARD_LIBRARIES = YES;
				BUNDLE_LOADER = "$(TEST_HOST)";
				CODE_SIGN_STYLE = Automatic;
				CURRENT_PROJECT_VERSION = 1;
				DEVELOPMENT_TEAM = MW255N4HLC;
				GENERATE_INFOPLIST_FILE = YES;
				IPHONEOS_DEPLOYMENT_TARGET = 17.0;
				MARKETING_VERSION = 1.0;
				PRODUCT_BUNDLE_IDENTIFIER = com.developer..ReminderTests;
				PRODUCT_NAME = "$(TARGET_NAME)";
				SWIFT_EMIT_LOC_STRINGS = NO;
				SWIFT_VERSION = 5.0;
				TARGETED_DEVICE_FAMILY = "1,2";
				TEST_HOST = "$(BUILT_PRODUCTS_DIR)/Reminder.app/$(BUNDLE_EXECUTABLE_FOLDER_PATH)/Reminder";
			};
			name = Debug;
		};
		B13E79072B9861E600539D9B /* Release */ = {
			isa = XCBuildConfiguration;
			baseConfigurationReference = 7FFF9BD45D291767789273B8 /* Pods-ReminderTests.release.xcconfig */;
			buildSettings = {
				ALWAYS_EMBED_SWIFT_STANDARD_LIBRARIES = YES;
				BUNDLE_LOADER = "$(TEST_HOST)";
				CODE_SIGN_STYLE = Automatic;
				CURRENT_PROJECT_VERSION = 1;
				DEVELOPMENT_TEAM = MW255N4HLC;
				GENERATE_INFOPLIST_FILE = YES;
				IPHONEOS_DEPLOYMENT_TARGET = 17.0;
				MARKETING_VERSION = 1.0;
				PRODUCT_BUNDLE_IDENTIFIER = com.developer..ReminderTests;
				PRODUCT_NAME = "$(TARGET_NAME)";
				SWIFT_EMIT_LOC_STRINGS = NO;
				SWIFT_VERSION = 5.0;
				TARGETED_DEVICE_FAMILY = "1,2";
				TEST_HOST = "$(BUILT_PRODUCTS_DIR)/Reminder.app/$(BUNDLE_EXECUTABLE_FOLDER_PATH)/Reminder";
			};
			name = Release;
		};
		B13E79092B9861E600539D9B /* Debug */ = {
			isa = XCBuildConfiguration;
			baseConfigurationReference = CA925DAFEA228622EC09837D /* Pods-Reminder-ReminderUITests.debug.xcconfig */;
			buildSettings = {
				ALWAYS_EMBED_SWIFT_STANDARD_LIBRARIES = YES;
				CODE_SIGN_STYLE = Automatic;
				CURRENT_PROJECT_VERSION = 1;
				DEVELOPMENT_TEAM = MW255N4HLC;
				GENERATE_INFOPLIST_FILE = YES;
				MARKETING_VERSION = 1.0;
				PRODUCT_BUNDLE_IDENTIFIER = com.developer..ReminderUITests;
				PRODUCT_NAME = "$(TARGET_NAME)";
				SWIFT_EMIT_LOC_STRINGS = NO;
				SWIFT_VERSION = 5.0;
				TARGETED_DEVICE_FAMILY = "1,2";
				TEST_TARGET_NAME = Reminder;
			};
			name = Debug;
		};
		B13E790A2B9861E600539D9B /* Release */ = {
			isa = XCBuildConfiguration;
			baseConfigurationReference = 4D1976CAC9D1440694580FBD /* Pods-Reminder-ReminderUITests.release.xcconfig */;
			buildSettings = {
				ALWAYS_EMBED_SWIFT_STANDARD_LIBRARIES = YES;
				CODE_SIGN_STYLE = Automatic;
				CURRENT_PROJECT_VERSION = 1;
				DEVELOPMENT_TEAM = MW255N4HLC;
				GENERATE_INFOPLIST_FILE = YES;
				MARKETING_VERSION = 1.0;
				PRODUCT_BUNDLE_IDENTIFIER = com.developer..ReminderUITests;
				PRODUCT_NAME = "$(TARGET_NAME)";
				SWIFT_EMIT_LOC_STRINGS = NO;
				SWIFT_VERSION = 5.0;
				TARGETED_DEVICE_FAMILY = "1,2";
				TEST_TARGET_NAME = Reminder;
			};
			name = Release;
		};
/* End XCBuildConfiguration section */

/* Begin XCConfigurationList section */
		B13E78D32B9861E500539D9B /* Build configuration list for PBXProject "Reminder" */ = {
			isa = XCConfigurationList;
			buildConfigurations = (
				B13E79002B9861E600539D9B /* Debug */,
				B13E79012B9861E600539D9B /* Release */,
			);
			defaultConfigurationIsVisible = 0;
			defaultConfigurationName = Release;
		};
		B13E79022B9861E600539D9B /* Build configuration list for PBXNativeTarget "Reminder" */ = {
			isa = XCConfigurationList;
			buildConfigurations = (
				B13E79032B9861E600539D9B /* Debug */,
				B13E79042B9861E600539D9B /* Release */,
			);
			defaultConfigurationIsVisible = 0;
			defaultConfigurationName = Release;
		};
		B13E79052B9861E600539D9B /* Build configuration list for PBXNativeTarget "ReminderTests" */ = {
			isa = XCConfigurationList;
			buildConfigurations = (
				B13E79062B9861E600539D9B /* Debug */,
				B13E79072B9861E600539D9B /* Release */,
			);
			defaultConfigurationIsVisible = 0;
			defaultConfigurationName = Release;
		};
		B13E79082B9861E600539D9B /* Build configuration list for PBXNativeTarget "ReminderUITests" */ = {
			isa = XCConfigurationList;
			buildConfigurations = (
				B13E79092B9861E600539D9B /* Debug */,
				B13E790A2B9861E600539D9B /* Release */,
			);
			defaultConfigurationIsVisible = 0;
			defaultConfigurationName = Release;
		};
/* End XCConfigurationList section */

/* Begin XCVersionGroup section */
		B138E5412BADB025000DFE44 /* DataModel.xcdatamodeld */ = {
			isa = XCVersionGroup;
			children = (
				B138E5422BADB025000DFE44 /* DataModel.xcdatamodel */,
			);
			currentVersion = B138E5422BADB025000DFE44 /* DataModel.xcdatamodel */;
			path = DataModel.xcdatamodeld;
			sourceTree = "<group>";
			versionGroupType = wrapper.xcdatamodel;
		};
/* End XCVersionGroup section */
	};
	rootObject = B13E78D02B9861E500539D9B /* Project object */;
}
